
Microsoft Visual Studio Solution File, Format Version 12.00
# Visual Studio Version 17
VisualStudioVersion = 17.14.37012.4 d17.14
MinimumVisualStudioVersion = 10.0.40219.1
Project("{FAE04EC0-301F-11D3-BF4B-00C04F79EFBC}") = "POS", "POS\POS.csproj", "{30D3F3CB-6782-4F70-9CAE-8D6A768D21EE}"
EndProject
Global
	GlobalSection(SolutionConfigurationPlatforms) = preSolution
		Debug|Any CPU = Debug|Any CPU
		Release|Any CPU = Release|Any CPU
	EndGlobalSection
	GlobalSection(ProjectConfigurationPlatforms) = postSolution
		{30D3F3CB-6782-4F70-9CAE-8D6A768D21EE}.Debug|Any CPU.ActiveCfg = Debug|Any CPU
		{30D3F3CB-6782-4F70-9CAE-8D6A768D21EE}.Debug|Any CPU.Build.0 = Debug|Any CPU
		{30D3F3CB-6782-4F70-9CAE-8D6A768D21EE}.Release|Any CPU.ActiveCfg = Release|Any CPU
		{30D3F3CB-6782-4F70-9CAE-8D6A768D21EE}.Release|Any CPU.Build.0 = Release|Any CPU
	EndGlobalSection
	GlobalSection(SolutionProperties) = preSolution
		HideSolutionNode = FALSE
	EndGlobalSection
	GlobalSection(ExtensibilityGlobals) = postSolution
		SolutionGuid = {D3414FE8-A7EA-4CA6-B493-822B01FF2411}
	EndGlobalSection
EndGlobal
